
Microsoft Visual Studio Solution File, Format Version 12.00
# Visual Studio 2012
Project("{FAE04EC0-301F-11D3-BF4B-00C04F79EFBC}") = "Project602", "Project602\Project602.csproj", "{04150D96-32D8-4203-A3D9-8F4294E42CDB}"
EndProject
Global
	GlobalSection(SolutionConfigurationPlatforms) = preSolution
		Debug|x86 = Debug|x86
		Release|x86 = Release|x86
	EndGlobalSection
	GlobalSection(ProjectConfigurationPlatforms) = postSolution
		{04150D96-32D8-4203-A3D9-8F4294E42CDB}.Debug|x86.ActiveCfg = Debug|x86
		{04150D96-32D8-4203-A3D9-8F4294E42CDB}.Debug|x86.Build.0 = Debug|x86
		{04150D96-32D8-4203-A3D9-8F4294E42CDB}.Release|x86.ActiveCfg = Release|x86
		{04150D96-32D8-4203-A3D9-8F4294E42CDB}.Release|x86.Build.0 = Release|x86
	EndGlobalSection
EndGlobal
